
Microsoft Visual Studio Solution File, Format Version 12.00
# Visual Studio 2012
Project("{FAE04EC0-301F-11D3-BF4B-00C04F79EFBC}") = "Model.CM", "Model\Model.CM\Model.CM.csproj", "{1AFB8B31-BFAC-4D7B-8AE1-1D69D4010667}"
EndProject
Project("{FAE04EC0-301F-11D3-BF4B-00C04F79EFBC}") = "SQLDAL.CM", "SQLDAL\SQLDAL.CM\SQLDAL.CM.csproj", "{945C3B89-FBBF-4369-92EF-C3231410EBAD}"
EndProject
Project("{FAE04EC0-301F-11D3-BF4B-00C04F79EFBC}") = "BLL.CM", "BLL\BLL.CM\BLL.CM.csproj", "{D2F82FC7-DA66-4673-A2DA-D159C1818D0B}"
EndProject
Project("{FAE04EC0-301F-11D3-BF4B-00C04F79EFBC}") = "Model", "Model\Model\Model.csproj", "{C51E7F10-074C-48C0-B1AC-BA22A72B6FA2}"
EndProject
Project("{FAE04EC0-301F-11D3-BF4B-00C04F79EFBC}") = "SQLDAL", "SQLDAL\SQLDAL\SQLDAL.csproj", "{0EA523BE-4990-45EF-8A49-A335A1C30E9A}"
EndProject
Project("{FAE04EC0-301F-11D3-BF4B-00C04F79EFBC}") = "BLL", "BLL\BLL\BLL.csproj", "{F5F19EAB-C643-4EAD-A734-6853D31015A5}"
EndProject
Project("{FAE04EC0-301F-11D3-BF4B-00C04F79EFBC}") = "Model.OA", "Model\Model.OA\Model.OA.csproj", "{B8B48F57-26A0-4C65-96C9-EA265AAB1046}"
EndProject
Project("{FAE04EC0-301F-11D3-BF4B-00C04F79EFBC}") = "Model.Pub", "Model\Model.Pub\Model.Pub.csproj", "{9258AC7D-2AE4-422B-9CBB-3801839C81FB}"
EndProject
Project("{FAE04EC0-301F-11D3-BF4B-00C04F79EFBC}") = "Model.RPT", "Model\Model.RPT\Model.RPT.csproj", "{F99AEB7F-493F-4B45-B824-4103E771861C}"
EndProject
Project("{FAE04EC0-301F-11D3-BF4B-00C04F79EFBC}") = "SQLDAL.OA", "SQLDAL\SQLDAL.OA\SQLDAL.OA.csproj", "{68C3389F-6B6A-4DF0-AB7D-D2ACFA2E1049}"
EndProject
Project("{FAE04EC0-301F-11D3-BF4B-00C04F79EFBC}") = "SQLDAL.Pub", "SQLDAL\SQLDAL.Pub\SQLDAL.Pub.csproj", "{47E0D9D5-BB49-420C-A2AA-EB0B36C25F24}"
EndProject
Project("{FAE04EC0-301F-11D3-BF4B-00C04F79EFBC}") = "SQLDAL.RPT", "SQLDAL\SQLDAL.RPT\SQLDAL.RPT.csproj", "{1D8AC8CA-005F-4CAD-A588-5E8E21D87FD9}"
EndProject
Project("{FAE04EC0-301F-11D3-BF4B-00C04F79EFBC}") = "BLL.OA", "BLL\BLL.OA\BLL.OA.csproj", "{E00FBD9C-BC2A-4439-B90C-E2AE9C5B6F6D}"
EndProject
Project("{FAE04EC0-301F-11D3-BF4B-00C04F79EFBC}") = "BLL.Pub", "BLL\BLL.Pub\BLL.Pub.csproj", "{4B38359B-42C5-4ADD-AA2B-BFF873B929DF}"
EndProject
Project("{FAE04EC0-301F-11D3-BF4B-00C04F79EFBC}") = "BLL.RPT", "BLL\BLL.Rpt\BLL.RPT.csproj", "{76EBF82C-8643-4E3E-933B-B301521116EC}"
EndProject
Project("{FAE04EC0-301F-11D3-BF4B-00C04F79EFBC}") = "PBMIF", "PBMIF\PBMIF.csproj", "{FDE30293-4C3A-4FD3-B2A9-5E4F7435EB58}"
EndProject
Project("{FAE04EC0-301F-11D3-BF4B-00C04F79EFBC}") = "Model.PBM", "Model\Model.PBM\Model.PBM.csproj", "{DDBE4BD5-6381-4BF7-A424-794025C1D6D5}"
EndProject
Project("{FAE04EC0-301F-11D3-BF4B-00C04F79EFBC}") = "SQLDAL.PBM", "SQLDAL\SQLDAL.PBM\SQLDAL.PBM.csproj", "{E68B4385-E9C6-4A50-BED7-FC70E9C3CD2F}"
EndProject
Project("{FAE04EC0-301F-11D3-BF4B-00C04F79EFBC}") = "BLL.PBM", "BLL\BLL.PBM\BLL.PBM.csproj", "{2594D58B-F8E9-42B2-AD47-E35BAB2A3298}"
EndProject
Project("{FAE04EC0-301F-11D3-BF4B-00C04F79EFBC}") = "BLL.VST", "BLL\BLL.VST\BLL.VST.csproj", "{9DDA87F5-E3D4-4346-93A7-6C49C9841BEC}"
EndProject
Project("{FAE04EC0-301F-11D3-BF4B-00C04F79EFBC}") = "Model.VST", "Model\Model.VST\Model.VST.csproj", "{28D3C00F-3651-42C6-BFC2-996EBD54DC92}"
EndProject
Project("{FAE04EC0-301F-11D3-BF4B-00C04F79EFBC}") = "SQLDAL.VST", "SQLDAL\SQLDAL.VST\SQLDAL.VST.csproj", "{DC98F254-36A8-4065-B2B2-4D5F9CE8430B}"
EndProject
Project("{E24C65DC-7377-472B-9ABA-BC803B73C61A}") = "Web", "Web", "{A04CE511-CB1A-4814-9E0D-5ADF84672010}"
	ProjectSection(WebsiteProperties) = preProject
		SccProjectName = "SAK"
		SccAuxPath = "SAK"
		SccLocalPath = "SAK"
		SccProvider = "SAK"
		TargetFrameworkMoniker = ".NETFramework,Version%3Dv3.5"
		ProjectReferences = "{f5f19eab-c643-4ead-a734-6853d31015a5}|MCSFramework.BLL.dll;{C51E7F10-074C-48C0-B1AC-BA22A72B6FA2}|MCSFramework.Model.dll;{0EA523BE-4990-45EF-8A49-A335A1C30E9A}|MCSFramework.SQLDAL.dll;{d2f82fc7-da66-4673-a2da-d159c1818d0b}|MCSFramework.BLL.CM.dll;{1AFB8B31-BFAC-4D7B-8AE1-1D69D4010667}|MCSFramework.Model.CM.dll;{945C3B89-FBBF-4369-92EF-C3231410EBAD}|MCSFramework.SQLDAL.CM.dll;{4B38359B-42C5-4ADD-AA2B-BFF873B929DF}|MCSFramework.BLL.Pub.dll;{9258AC7D-2AE4-422B-9CBB-3801839C81FB}|MCSFramework.Model.Pub.dll;{47E0D9D5-BB49-420C-A2AA-EB0B36C25F24}|MCSFramework.SQLDAL.Pub.dll;{e00fbd9c-bc2a-4439-b90c-e2ae9c5b6f6d}|MCSFramework.BLL.OA.dll;{B8B48F57-26A0-4C65-96C9-EA265AAB1046}|MCSFramework.Model.OA.dll;{68C3389F-6B6A-4DF0-AB7D-D2ACFA2E1049}|MCSFramework.SQLDAL.OA.dll;{2594d58b-f8e9-42b2-ad47-e35bab2a3298}|MCSFramework.BLL.PBM.dll;{DDBE4BD5-6381-4BF7-A424-794025C1D6D5}|MCSFramework.Model.PBM.dll;{E68B4385-E9C6-4A50-BED7-FC70E9C3CD2F}|MCSFramework.SQLDAL.PBM.dll;{76ebf82c-8643-4e3e-933b-b301521116ec}|MCSFramework.BLL.RPT.dll;{F99AEB7F-493F-4B45-B824-4103E771861C}|MCSFramework.Model.RPT.dll;{1D8AC8CA-005F-4CAD-A588-5E8E21D87FD9}|MCSFramework.SQLDAL.RPT.dll;{9dda87f5-e3d4-4346-93a7-6c49c9841bec}|MCSFramework.BLL.VST.dll;{28D3C00F-3651-42C6-BFC2-996EBD54DC92}|MCSFramework.Model.VST.dll;{DC98F254-36A8-4065-B2B2-4D5F9CE8430B}|MCSFramework.SQLDAL.VST.dll;{59039e6d-10f0-4b3a-bd4b-7c3e4d536dec}|MCSFramework.BLL.IPT.dll;{20D95905-6EEC-43AA-B685-5A20DDF71CCB}|MCSFramework.Model.IPT.dll;{E339FE05-D694-41EF-A8A6-04C2B9997BFC}|MCSFramework.SQLDAL.IPT.dll;"
		Debug.AspNetCompiler.VirtualPath = "/Web"
		Debug.AspNetCompiler.PhysicalPath = "Web\"
		Debug.AspNetCompiler.TargetPath = "PrecompiledWeb\Web\"
		Debug.AspNetCompiler.Updateable = "true"
		Debug.AspNetCompiler.ForceOverwrite = "true"
		Debug.AspNetCompiler.FixedNames = "false"
		Debug.AspNetCompiler.Debug = "True"
		Release.AspNetCompiler.VirtualPath = "/Web"
		Release.AspNetCompiler.PhysicalPath = "Web\"
		Release.AspNetCompiler.TargetPath = "PrecompiledWeb\Web\"
		Release.AspNetCompiler.Updateable = "true"
		Release.AspNetCompiler.ForceOverwrite = "true"
		Release.AspNetCompiler.FixedNames = "false"
		Release.AspNetCompiler.Debug = "False"
		VWDPort = "31298"
	EndProjectSection
EndProject
Project("{FAE04EC0-301F-11D3-BF4B-00C04F79EFBC}") = "Model.IPT", "Model\Model.IPT\Model.IPT.csproj", "{20D95905-6EEC-43AA-B685-5A20DDF71CCB}"
EndProject
Project("{FAE04EC0-301F-11D3-BF4B-00C04F79EFBC}") = "SQLDAL.IPT", "SQLDAL\SQLDAL.IPT\SQLDAL.IPT.csproj", "{E339FE05-D694-41EF-A8A6-04C2B9997BFC}"
EndProject
Project("{FAE04EC0-301F-11D3-BF4B-00C04F79EFBC}") = "BLL.IPT", "BLL\BLL.IPT\BLL.IPT.csproj", "{59039E6D-10F0-4B3A-BD4B-7C3E4D536DEC}"
EndProject
Project("{FAE04EC0-301F-11D3-BF4B-00C04F79EFBC}") = "ImportExcel", "ImportExcel\ImportExcel.csproj", "{81C07D64-5239-4786-A53F-8D65E3691936}"
EndProject
Project("{FAE04EC0-301F-11D3-BF4B-00C04F79EFBC}") = "UD_Control", "UD_Control\UD_Control.csproj", "{B6A10A0E-9505-4584-98CE-1B8697C88B8E}"
EndProject
Global
	
	GlobalSection(SolutionConfigurationPlatforms) = preSolution
		Debug|Any CPU = Debug|Any CPU
		Release|Any CPU = Release|Any CPU
	EndGlobalSection
	GlobalSection(ProjectConfigurationPlatforms) = postSolution
		{1AFB8B31-BFAC-4D7B-8AE1-1D69D4010667}.Debug|Any CPU.ActiveCfg = Debug|Any CPU
		{1AFB8B31-BFAC-4D7B-8AE1-1D69D4010667}.Debug|Any CPU.Build.0 = Debug|Any CPU
		{1AFB8B31-BFAC-4D7B-8AE1-1D69D4010667}.Release|Any CPU.ActiveCfg = Release|Any CPU
		{1AFB8B31-BFAC-4D7B-8AE1-1D69D4010667}.Release|Any CPU.Build.0 = Release|Any CPU
		{945C3B89-FBBF-4369-92EF-C3231410EBAD}.Debug|Any CPU.ActiveCfg = Debug|Any CPU
		{945C3B89-FBBF-4369-92EF-C3231410EBAD}.Debug|Any CPU.Build.0 = Debug|Any CPU
		{945C3B89-FBBF-4369-92EF-C3231410EBAD}.Release|Any CPU.ActiveCfg = Release|Any CPU
		{945C3B89-FBBF-4369-92EF-C3231410EBAD}.Release|Any CPU.Build.0 = Release|Any CPU
		{D2F82FC7-DA66-4673-A2DA-D159C1818D0B}.Debug|Any CPU.ActiveCfg = Debug|Any CPU
		{D2F82FC7-DA66-4673-A2DA-D159C1818D0B}.Debug|Any CPU.Build.0 = Debug|Any CPU
		{D2F82FC7-DA66-4673-A2DA-D159C1818D0B}.Release|Any CPU.ActiveCfg = Release|Any CPU
		{D2F82FC7-DA66-4673-A2DA-D159C1818D0B}.Release|Any CPU.Build.0 = Release|Any CPU
		{C51E7F10-074C-48C0-B1AC-BA22A72B6FA2}.Debug|Any CPU.ActiveCfg = Debug|Any CPU
		{C51E7F10-074C-48C0-B1AC-BA22A72B6FA2}.Debug|Any CPU.Build.0 = Debug|Any CPU
		{C51E7F10-074C-48C0-B1AC-BA22A72B6FA2}.Release|Any CPU.ActiveCfg = Release|Any CPU
		{C51E7F10-074C-48C0-B1AC-BA22A72B6FA2}.Release|Any CPU.Build.0 = Release|Any CPU
		{0EA523BE-4990-45EF-8A49-A335A1C30E9A}.Debug|Any CPU.ActiveCfg = Debug|Any CPU
		{0EA523BE-4990-45EF-8A49-A335A1C30E9A}.Debug|Any CPU.Build.0 = Debug|Any CPU
		{0EA523BE-4990-45EF-8A49-A335A1C30E9A}.Release|Any CPU.ActiveCfg = Release|Any CPU
		{0EA523BE-4990-45EF-8A49-A335A1C30E9A}.Release|Any CPU.Build.0 = Release|Any CPU
		{F5F19EAB-C643-4EAD-A734-6853D31015A5}.Debug|Any CPU.ActiveCfg = Debug|Any CPU
		{F5F19EAB-C643-4EAD-A734-6853D31015A5}.Debug|Any CPU.Build.0 = Debug|Any CPU
		{F5F19EAB-C643-4EAD-A734-6853D31015A5}.Release|Any CPU.ActiveCfg = Release|Any CPU
		{F5F19EAB-C643-4EAD-A734-6853D31015A5}.Release|Any CPU.Build.0 = Release|Any CPU
		{B8B48F57-26A0-4C65-96C9-EA265AAB1046}.Debug|Any CPU.ActiveCfg = Debug|Any CPU
		{B8B48F57-26A0-4C65-96C9-EA265AAB1046}.Debug|Any CPU.Build.0 = Debug|Any CPU
		{B8B48F57-26A0-4C65-96C9-EA265AAB1046}.Release|Any CPU.ActiveCfg = Release|Any CPU
		{B8B48F57-26A0-4C65-96C9-EA265AAB1046}.Release|Any CPU.Build.0 = Release|Any CPU
		{9258AC7D-2AE4-422B-9CBB-3801839C81FB}.Debug|Any CPU.ActiveCfg = Debug|Any CPU
		{9258AC7D-2AE4-422B-9CBB-3801839C81FB}.Debug|Any CPU.Build.0 = Debug|Any CPU
		{9258AC7D-2AE4-422B-9CBB-3801839C81FB}.Release|Any CPU.ActiveCfg = Release|Any CPU
		{9258AC7D-2AE4-422B-9CBB-3801839C81FB}.Release|Any CPU.Build.0 = Release|Any CPU
		{F99AEB7F-493F-4B45-B824-4103E771861C}.Debug|Any CPU.ActiveCfg = Debug|Any CPU
		{F99AEB7F-493F-4B45-B824-4103E771861C}.Debug|Any CPU.Build.0 = Debug|Any CPU
		{F99AEB7F-493F-4B45-B824-4103E771861C}.Release|Any CPU.ActiveCfg = Release|Any CPU
		{F99AEB7F-493F-4B45-B824-4103E771861C}.Release|Any CPU.Build.0 = Release|Any CPU
		{68C3389F-6B6A-4DF0-AB7D-D2ACFA2E1049}.Debug|Any CPU.ActiveCfg = Debug|Any CPU
		{68C3389F-6B6A-4DF0-AB7D-D2ACFA2E1049}.Debug|Any CPU.Build.0 = Debug|Any CPU
		{68C3389F-6B6A-4DF0-AB7D-D2ACFA2E1049}.Release|Any CPU.ActiveCfg = Release|Any CPU
		{68C3389F-6B6A-4DF0-AB7D-D2ACFA2E1049}.Release|Any CPU.Build.0 = Release|Any CPU
		{47E0D9D5-BB49-420C-A2AA-EB0B36C25F24}.Debug|Any CPU.ActiveCfg = Debug|Any CPU
		{47E0D9D5-BB49-420C-A2AA-EB0B36C25F24}.Debug|Any CPU.Build.0 = Debug|Any CPU
		{47E0D9D5-BB49-420C-A2AA-EB0B36C25F24}.Release|Any CPU.ActiveCfg = Release|Any CPU
		{47E0D9D5-BB49-420C-A2AA-EB0B36C25F24}.Release|Any CPU.Build.0 = Release|Any CPU
		{1D8AC8CA-005F-4CAD-A588-5E8E21D87FD9}.Debug|Any CPU.ActiveCfg = Debug|Any CPU
		{1D8AC8CA-005F-4CAD-A588-5E8E21D87FD9}.Debug|Any CPU.Build.0 = Debug|Any CPU
		{1D8AC8CA-005F-4CAD-A588-5E8E21D87FD9}.Release|Any CPU.ActiveCfg = Release|Any CPU
		{1D8AC8CA-005F-4CAD-A588-5E8E21D87FD9}.Release|Any CPU.Build.0 = Release|Any CPU
		{E00FBD9C-BC2A-4439-B90C-E2AE9C5B6F6D}.Debug|Any CPU.ActiveCfg = Debug|Any CPU
		{E00FBD9C-BC2A-4439-B90C-E2AE9C5B6F6D}.Debug|Any CPU.Build.0 = Debug|Any CPU
		{E00FBD9C-BC2A-4439-B90C-E2AE9C5B6F6D}.Release|Any CPU.ActiveCfg = Release|Any CPU
		{E00FBD9C-BC2A-4439-B90C-E2AE9C5B6F6D}.Release|Any CPU.Build.0 = Release|Any CPU
		{4B38359B-42C5-4ADD-AA2B-BFF873B929DF}.Debug|Any CPU.ActiveCfg = Debug|Any CPU
		{4B38359B-42C5-4ADD-AA2B-BFF873B929DF}.Debug|Any CPU.Build.0 = Debug|Any CPU
		{4B38359B-42C5-4ADD-AA2B-BFF873B929DF}.Release|Any CPU.ActiveCfg = Release|Any CPU
		{4B38359B-42C5-4ADD-AA2B-BFF873B929DF}.Release|Any CPU.Build.0 = Release|Any CPU
		{76EBF82C-8643-4E3E-933B-B301521116EC}.Debug|Any CPU.ActiveCfg = Debug|Any CPU
		{76EBF82C-8643-4E3E-933B-B301521116EC}.Debug|Any CPU.Build.0 = Debug|Any CPU
		{76EBF82C-8643-4E3E-933B-B301521116EC}.Release|Any CPU.ActiveCfg = Release|Any CPU
		{76EBF82C-8643-4E3E-933B-B301521116EC}.Release|Any CPU.Build.0 = Release|Any CPU
		{FDE30293-4C3A-4FD3-B2A9-5E4F7435EB58}.Debug|Any CPU.ActiveCfg = Debug|Any CPU
		{FDE30293-4C3A-4FD3-B2A9-5E4F7435EB58}.Debug|Any CPU.Build.0 = Debug|Any CPU
		{FDE30293-4C3A-4FD3-B2A9-5E4F7435EB58}.Release|Any CPU.ActiveCfg = Release|Any CPU
		{FDE30293-4C3A-4FD3-B2A9-5E4F7435EB58}.Release|Any CPU.Build.0 = Release|Any CPU
		{DDBE4BD5-6381-4BF7-A424-794025C1D6D5}.Debug|Any CPU.ActiveCfg = Debug|Any CPU
		{DDBE4BD5-6381-4BF7-A424-794025C1D6D5}.Debug|Any CPU.Build.0 = Debug|Any CPU
		{DDBE4BD5-6381-4BF7-A424-794025C1D6D5}.Release|Any CPU.ActiveCfg = Release|Any CPU
		{DDBE4BD5-6381-4BF7-A424-794025C1D6D5}.Release|Any CPU.Build.0 = Release|Any CPU
		{E68B4385-E9C6-4A50-BED7-FC70E9C3CD2F}.Debug|Any CPU.ActiveCfg = Debug|Any CPU
		{E68B4385-E9C6-4A50-BED7-FC70E9C3CD2F}.Debug|Any CPU.Build.0 = Debug|Any CPU
		{E68B4385-E9C6-4A50-BED7-FC70E9C3CD2F}.Release|Any CPU.ActiveCfg = Release|Any CPU
		{E68B4385-E9C6-4A50-BED7-FC70E9C3CD2F}.Release|Any CPU.Build.0 = Release|Any CPU
		{2594D58B-F8E9-42B2-AD47-E35BAB2A3298}.Debug|Any CPU.ActiveCfg = Debug|Any CPU
		{2594D58B-F8E9-42B2-AD47-E35BAB2A3298}.Debug|Any CPU.Build.0 = Debug|Any CPU
		{2594D58B-F8E9-42B2-AD47-E35BAB2A3298}.Release|Any CPU.ActiveCfg = Release|Any CPU
		{2594D58B-F8E9-42B2-AD47-E35BAB2A3298}.Release|Any CPU.Build.0 = Release|Any CPU
		{9DDA87F5-E3D4-4346-93A7-6C49C9841BEC}.Debug|Any CPU.ActiveCfg = Debug|Any CPU
		{9DDA87F5-E3D4-4346-93A7-6C49C9841BEC}.Debug|Any CPU.Build.0 = Debug|Any CPU
		{9DDA87F5-E3D4-4346-93A7-6C49C9841BEC}.Release|Any CPU.ActiveCfg = Release|Any CPU
		{9DDA87F5-E3D4-4346-93A7-6C49C9841BEC}.Release|Any CPU.Build.0 = Release|Any CPU
		{28D3C00F-3651-42C6-BFC2-996EBD54DC92}.Debug|Any CPU.ActiveCfg = Debug|Any CPU
		{28D3C00F-3651-42C6-BFC2-996EBD54DC92}.Debug|Any CPU.Build.0 = Debug|Any CPU
		{28D3C00F-3651-42C6-BFC2-996EBD54DC92}.Release|Any CPU.ActiveCfg = Release|Any CPU
		{28D3C00F-3651-42C6-BFC2-996EBD54DC92}.Release|Any CPU.Build.0 = Release|Any CPU
		{DC98F254-36A8-4065-B2B2-4D5F9CE8430B}.Debug|Any CPU.ActiveCfg = Debug|Any CPU
		{DC98F254-36A8-4065-B2B2-4D5F9CE8430B}.Debug|Any CPU.Build.0 = Debug|Any CPU
		{DC98F254-36A8-4065-B2B2-4D5F9CE8430B}.Release|Any CPU.ActiveCfg = Release|Any CPU
		{DC98F254-36A8-4065-B2B2-4D5F9CE8430B}.Release|Any CPU.Build.0 = Release|Any CPU
		{A04CE511-CB1A-4814-9E0D-5ADF84672010}.Debug|Any CPU.ActiveCfg = Debug|Any CPU
		{A04CE511-CB1A-4814-9E0D-5ADF84672010}.Debug|Any CPU.Build.0 = Debug|Any CPU
		{A04CE511-CB1A-4814-9E0D-5ADF84672010}.Release|Any CPU.ActiveCfg = Debug|Any CPU
		{A04CE511-CB1A-4814-9E0D-5ADF84672010}.Release|Any CPU.Build.0 = Debug|Any CPU
		{20D95905-6EEC-43AA-B685-5A20DDF71CCB}.Debug|Any CPU.ActiveCfg = Debug|Any CPU
		{20D95905-6EEC-43AA-B685-5A20DDF71CCB}.Debug|Any CPU.Build.0 = Debug|Any CPU
		{20D95905-6EEC-43AA-B685-5A20DDF71CCB}.Release|Any CPU.ActiveCfg = Release|Any CPU
		{20D95905-6EEC-43AA-B685-5A20DDF71CCB}.Release|Any CPU.Build.0 = Release|Any CPU
		{E339FE05-D694-41EF-A8A6-04C2B9997BFC}.Debug|Any CPU.ActiveCfg = Debug|Any CPU
		{E339FE05-D694-41EF-A8A6-04C2B9997BFC}.Debug|Any CPU.Build.0 = Debug|Any CPU
		{E339FE05-D694-41EF-A8A6-04C2B9997BFC}.Release|Any CPU.ActiveCfg = Release|Any CPU
		{E339FE05-D694-41EF-A8A6-04C2B9997BFC}.Release|Any CPU.Build.0 = Release|Any CPU
		{59039E6D-10F0-4B3A-BD4B-7C3E4D536DEC}.Debug|Any CPU.ActiveCfg = Debug|Any CPU
		{59039E6D-10F0-4B3A-BD4B-7C3E4D536DEC}.Debug|Any CPU.Build.0 = Debug|Any CPU
		{59039E6D-10F0-4B3A-BD4B-7C3E4D536DEC}.Release|Any CPU.ActiveCfg = Release|Any CPU
		{59039E6D-10F0-4B3A-BD4B-7C3E4D536DEC}.Release|Any CPU.Build.0 = Release|Any CPU
		{81C07D64-5239-4786-A53F-8D65E3691936}.Debug|Any CPU.ActiveCfg = Debug|Any CPU
		{81C07D64-5239-4786-A53F-8D65E3691936}.Debug|Any CPU.Build.0 = Debug|Any CPU
		{81C07D64-5239-4786-A53F-8D65E3691936}.Release|Any CPU.ActiveCfg = Release|Any CPU
		{81C07D64-5239-4786-A53F-8D65E3691936}.Release|Any CPU.Build.0 = Release|Any CPU
		{B6A10A0E-9505-4584-98CE-1B8697C88B8E}.Debug|Any CPU.ActiveCfg = Debug|Any CPU
		{B6A10A0E-9505-4584-98CE-1B8697C88B8E}.Debug|Any CPU.Build.0 = Debug|Any CPU
		{B6A10A0E-9505-4584-98CE-1B8697C88B8E}.Release|Any CPU.ActiveCfg = Release|Any CPU
		{B6A10A0E-9505-4584-98CE-1B8697C88B8E}.Release|Any CPU.Build.0 = Release|Any CPU
	EndGlobalSection
	GlobalSection(SolutionProperties) = preSolution
		HideSolutionNode = FALSE
	EndGlobalSection
EndGlobal
