
Microsoft Visual Studio Solution File, Format Version 12.00
# Visual Studio 2012
Project("{FAE04EC0-301F-11D3-BF4B-00C04F79EFBC}") = "Model", "Model\Model\Model.csproj", "{C51E7F10-074C-48C0-B1AC-BA22A72B6FA2}"
EndProject
Project("{FAE04EC0-301F-11D3-BF4B-00C04F79EFBC}") = "Model.CM", "Model\Model.CM\Model.CM.csproj", "{1AFB8B31-BFAC-4D7B-8AE1-1D69D4010667}"
EndProject
Project("{FAE04EC0-301F-11D3-BF4B-00C04F79EFBC}") = "Model.FNA", "Model\Model.FNA\Model.FNA.csproj", "{62EEE685-6480-4E23-ABC0-AD04271E7301}"
EndProject
Project("{FAE04EC0-301F-11D3-BF4B-00C04F79EFBC}") = "Model.Logistics", "Model\Model.Logistics\Model.Logistics.csproj", "{A88EE9D4-F4F7-4ABE-9B8A-BA0E845A1BE8}"
EndProject
Project("{FAE04EC0-301F-11D3-BF4B-00C04F79EFBC}") = "Model.Promotor", "Model\Model.Promotor\Model.Promotor.csproj", "{FBAC96A5-AB93-440D-AC36-DA481708AD56}"
EndProject
Project("{FAE04EC0-301F-11D3-BF4B-00C04F79EFBC}") = "Model.SVM", "Model\Model.SVM\Model.SVM.csproj", "{8E650297-766E-4252-880E-1D5898A1500A}"
EndProject
Project("{FAE04EC0-301F-11D3-BF4B-00C04F79EFBC}") = "SQLDAL", "SQLDAL\SQLDAL\SQLDAL.csproj", "{0EA523BE-4990-45EF-8A49-A335A1C30E9A}"
EndProject
Project("{FAE04EC0-301F-11D3-BF4B-00C04F79EFBC}") = "SQLDAL.CM", "SQLDAL\SQLDAL.CM\SQLDAL.CM.csproj", "{945C3B89-FBBF-4369-92EF-C3231410EBAD}"
EndProject
Project("{FAE04EC0-301F-11D3-BF4B-00C04F79EFBC}") = "SQLDAL.FNA", "SQLDAL\SQLDAL.FNA\SQLDAL.FNA.csproj", "{D75E7D12-17DF-4125-9873-5E4F00AE9F02}"
EndProject
Project("{FAE04EC0-301F-11D3-BF4B-00C04F79EFBC}") = "SQLDAL.Logistics", "SQLDAL\SQLDAL.Logistics\SQLDAL.Logistics.csproj", "{FE407DC0-EFC2-44B9-8F60-DA7D30EDD3CC}"
EndProject
Project("{FAE04EC0-301F-11D3-BF4B-00C04F79EFBC}") = "SQLDAL.Promotor", "SQLDAL\SQLDAL.Promotor\SQLDAL.Promotor.csproj", "{8F49F659-ADF9-424F-A8DA-5D49C43FA631}"
EndProject
Project("{FAE04EC0-301F-11D3-BF4B-00C04F79EFBC}") = "SQLDAL.SVM", "SQLDAL\SQLDAL.SVM\SQLDAL.SVM.csproj", "{C0F7B075-D9BC-4083-AA96-8B7DFA8602A4}"
EndProject
Project("{FAE04EC0-301F-11D3-BF4B-00C04F79EFBC}") = "BLL", "BLL\BLL\BLL.csproj", "{F5F19EAB-C643-4EAD-A734-6853D31015A5}"
EndProject
Project("{FAE04EC0-301F-11D3-BF4B-00C04F79EFBC}") = "BLL.CM", "BLL\BLL.CM\BLL.CM.csproj", "{D2F82FC7-DA66-4673-A2DA-D159C1818D0B}"
EndProject
Project("{FAE04EC0-301F-11D3-BF4B-00C04F79EFBC}") = "BLL.FNA", "BLL\BLL.FNA\BLL.FNA.csproj", "{DA288C69-B64B-4F14-A3B1-79BE859585CF}"
EndProject
Project("{FAE04EC0-301F-11D3-BF4B-00C04F79EFBC}") = "BLL.Logistics", "BLL\BLL.Logistics\BLL.Logistics.csproj", "{21D92F20-70CC-4B46-9664-AAD0D45A88EB}"
EndProject
Project("{FAE04EC0-301F-11D3-BF4B-00C04F79EFBC}") = "BLL.Promotor", "BLL\BLL.Promotor\BLL.Promotor.csproj", "{805E86BC-26DB-462F-BAAC-AFC5EC5A7349}"
EndProject
Project("{FAE04EC0-301F-11D3-BF4B-00C04F79EFBC}") = "BLL.SVM", "BLL\BLL.SVM\BLL.SVM.csproj", "{4B25419C-3FC9-4A05-960D-CA587AB8D2EF}"
EndProject
Project("{E24C65DC-7377-472B-9ABA-BC803B73C61A}") = "Web", "Web", "{F7897294-5DC8-421A-80C0-86D3EB913FA1}"
	ProjectSection(WebsiteProperties) = preProject
		SccProjectName = ""
		SccAuxPath = ""
		SccLocalPath = ""
		SccProvider = ""
		TargetFrameworkMoniker = ".NETFramework,Version%3Dv3.5"
		ProjectReferences = "{D2F82FC7-DA66-4673-A2DA-D159C1818D0B}|MCSFramework.BLL.CM.dll;{DA288C69-B64B-4F14-A3B1-79BE859585CF}|MCSFramework.BLL.FNA.dll;{21D92F20-70CC-4B46-9664-AAD0D45A88EB}|MCSFramework.BLL.Logistics.dll;{805E86BC-26DB-462F-BAAC-AFC5EC5A7349}|MCSFramework.BLL.Promotor.dll;{4B25419C-3FC9-4A05-960D-CA587AB8D2EF}|MCSFramework.BLL.SVM.dll;{F5F19EAB-C643-4EAD-A734-6853D31015A5}|MCSFramework.BLL.dll;{C51E7F10-074C-48C0-B1AC-BA22A72B6FA2}|MCSFramework.Model.dll;{0EA523BE-4990-45EF-8A49-A335A1C30E9A}|MCSFramework.SQLDAL.dll;{1AFB8B31-BFAC-4D7B-8AE1-1D69D4010667}|MCSFramework.Model.CM.dll;{945C3B89-FBBF-4369-92EF-C3231410EBAD}|MCSFramework.SQLDAL.CM.dll;{62EEE685-6480-4E23-ABC0-AD04271E7301}|MCSFramework.Model.FNA.dll;{D75E7D12-17DF-4125-9873-5E4F00AE9F02}|MCSFramework.SQLDAL.FNA.dll;{A88EE9D4-F4F7-4ABE-9B8A-BA0E845A1BE8}|MCSFramework.Model.Logistics.dll;{8E650297-766E-4252-880E-1D5898A1500A}|MCSFramework.Model.SVM.dll;{FE407DC0-EFC2-44B9-8F60-DA7D30EDD3CC}|MCSFramework.SQLDAL.Logistics.dll;{FBAC96A5-AB93-440D-AC36-DA481708AD56}|MCSFramework.Model.Promotor.dll;{8F49F659-ADF9-424F-A8DA-5D49C43FA631}|MCSFramework.SQLDAL.Promotor.dll;{C0F7B075-D9BC-4083-AA96-8B7DFA8602A4}|MCSFramework.SQLDAL.SVM.dll;{3AA12DD2-5222-481D-ADC1-B7ED7F06B832}|MCSFramework.BLL.QNA.dll;{D6A66971-D4B4-4EE9-AB68-173802D20A24}|MCSFramework.Model.QNA.dll;{73ABBA7C-E478-40C5-9529-41E431ADE82F}|MCSFramework.SQLDAL.QNA.dll;"
		Debug.AspNetCompiler.VirtualPath = "/Web"
		Debug.AspNetCompiler.PhysicalPath = "Web\"
		Debug.AspNetCompiler.TargetPath = "PrecompiledWeb\Web\"
		Debug.AspNetCompiler.Updateable = "true"
		Debug.AspNetCompiler.ForceOverwrite = "true"
		Debug.AspNetCompiler.FixedNames = "false"
		Debug.AspNetCompiler.Debug = "True"
		Release.AspNetCompiler.VirtualPath = "/Web"
		Release.AspNetCompiler.PhysicalPath = "Web\"
		Release.AspNetCompiler.TargetPath = "PrecompiledWeb\Web\"
		Release.AspNetCompiler.Updateable = "true"
		Release.AspNetCompiler.ForceOverwrite = "true"
		Release.AspNetCompiler.FixedNames = "false"
		Release.AspNetCompiler.Debug = "False"
		VWDPort = "26512"
	EndProjectSection
EndProject
Project("{FAE04EC0-301F-11D3-BF4B-00C04F79EFBC}") = "Model.QNA", "Model\Model.QNA\Model.QNA.csproj", "{D6A66971-D4B4-4EE9-AB68-173802D20A24}"
EndProject
Project("{FAE04EC0-301F-11D3-BF4B-00C04F79EFBC}") = "SQLDAL.QNA", "SQLDAL\SQLDAL.QNA\SQLDAL.QNA.csproj", "{73ABBA7C-E478-40C5-9529-41E431ADE82F}"
EndProject
Project("{FAE04EC0-301F-11D3-BF4B-00C04F79EFBC}") = "BLL.QNA", "BLL\BLL.QNA\BLL.QNA.csproj", "{3AA12DD2-5222-481D-ADC1-B7ED7F06B832}"
EndProject
Project("{FAE04EC0-301F-11D3-BF4B-00C04F79EFBC}") = "Model.Pub", "Model\Model.Pub\Model.Pub.csproj", "{9258AC7D-2AE4-422B-9CBB-3801839C81FB}"
EndProject
Project("{FAE04EC0-301F-11D3-BF4B-00C04F79EFBC}") = "SQLDAL.Pub", "SQLDAL\SQLDAL.Pub\SQLDAL.Pub.csproj", "{47E0D9D5-BB49-420C-A2AA-EB0B36C25F24}"
EndProject
Project("{FAE04EC0-301F-11D3-BF4B-00C04F79EFBC}") = "BLL.Pub", "BLL\BLL.Pub\BLL.Pub.csproj", "{4B38359B-42C5-4ADD-AA2B-BFF873B929DF}"
EndProject
Project("{FAE04EC0-301F-11D3-BF4B-00C04F79EFBC}") = "SyncERPJXC", "SyncERPJXC\SyncERPJXC.csproj", "{F9ADDEA2-512F-49BE-8A7A-3435D95FD270}"
EndProject
Project("{FAE04EC0-301F-11D3-BF4B-00C04F79EFBC}") = "Model.CAT", "Model\Model.CAT\Model.CAT.csproj", "{4FC1AE2F-5458-436C-9B64-28A62D8B9E22}"
EndProject
Project("{FAE04EC0-301F-11D3-BF4B-00C04F79EFBC}") = "SQLDAL.CAT", "SQLDAL\SQLDAL.CAT\SQLDAL.CAT.csproj", "{E5F9E756-7F05-4695-AC12-F274508D745F}"
EndProject
Project("{FAE04EC0-301F-11D3-BF4B-00C04F79EFBC}") = "BLL.CAT", "BLL\BLL.CAT\BLL.CAT.csproj", "{DB9C3B3B-44E6-404F-A8DF-4A0C38A4F1A6}"
EndProject
Global
	GlobalSection(SolutionConfigurationPlatforms) = preSolution
		Debug|Any CPU = Debug|Any CPU
		Release|Any CPU = Release|Any CPU
	EndGlobalSection
	GlobalSection(ProjectConfigurationPlatforms) = postSolution
		{C51E7F10-074C-48C0-B1AC-BA22A72B6FA2}.Debug|Any CPU.ActiveCfg = Debug|Any CPU
		{C51E7F10-074C-48C0-B1AC-BA22A72B6FA2}.Debug|Any CPU.Build.0 = Debug|Any CPU
		{C51E7F10-074C-48C0-B1AC-BA22A72B6FA2}.Release|Any CPU.ActiveCfg = Release|Any CPU
		{C51E7F10-074C-48C0-B1AC-BA22A72B6FA2}.Release|Any CPU.Build.0 = Release|Any CPU
		{1AFB8B31-BFAC-4D7B-8AE1-1D69D4010667}.Debug|Any CPU.ActiveCfg = Debug|Any CPU
		{1AFB8B31-BFAC-4D7B-8AE1-1D69D4010667}.Debug|Any CPU.Build.0 = Debug|Any CPU
		{1AFB8B31-BFAC-4D7B-8AE1-1D69D4010667}.Release|Any CPU.ActiveCfg = Release|Any CPU
		{1AFB8B31-BFAC-4D7B-8AE1-1D69D4010667}.Release|Any CPU.Build.0 = Release|Any CPU
		{62EEE685-6480-4E23-ABC0-AD04271E7301}.Debug|Any CPU.ActiveCfg = Debug|Any CPU
		{62EEE685-6480-4E23-ABC0-AD04271E7301}.Debug|Any CPU.Build.0 = Debug|Any CPU
		{62EEE685-6480-4E23-ABC0-AD04271E7301}.Release|Any CPU.ActiveCfg = Release|Any CPU
		{62EEE685-6480-4E23-ABC0-AD04271E7301}.Release|Any CPU.Build.0 = Release|Any CPU
		{A88EE9D4-F4F7-4ABE-9B8A-BA0E845A1BE8}.Debug|Any CPU.ActiveCfg = Debug|Any CPU
		{A88EE9D4-F4F7-4ABE-9B8A-BA0E845A1BE8}.Debug|Any CPU.Build.0 = Debug|Any CPU
		{A88EE9D4-F4F7-4ABE-9B8A-BA0E845A1BE8}.Release|Any CPU.ActiveCfg = Release|Any CPU
		{A88EE9D4-F4F7-4ABE-9B8A-BA0E845A1BE8}.Release|Any CPU.Build.0 = Release|Any CPU
		{FBAC96A5-AB93-440D-AC36-DA481708AD56}.Debug|Any CPU.ActiveCfg = Debug|Any CPU
		{FBAC96A5-AB93-440D-AC36-DA481708AD56}.Debug|Any CPU.Build.0 = Debug|Any CPU
		{FBAC96A5-AB93-440D-AC36-DA481708AD56}.Release|Any CPU.ActiveCfg = Release|Any CPU
		{FBAC96A5-AB93-440D-AC36-DA481708AD56}.Release|Any CPU.Build.0 = Release|Any CPU
		{8E650297-766E-4252-880E-1D5898A1500A}.Debug|Any CPU.ActiveCfg = Debug|Any CPU
		{8E650297-766E-4252-880E-1D5898A1500A}.Debug|Any CPU.Build.0 = Debug|Any CPU
		{8E650297-766E-4252-880E-1D5898A1500A}.Release|Any CPU.ActiveCfg = Release|Any CPU
		{8E650297-766E-4252-880E-1D5898A1500A}.Release|Any CPU.Build.0 = Release|Any CPU
		{0EA523BE-4990-45EF-8A49-A335A1C30E9A}.Debug|Any CPU.ActiveCfg = Debug|Any CPU
		{0EA523BE-4990-45EF-8A49-A335A1C30E9A}.Debug|Any CPU.Build.0 = Debug|Any CPU
		{0EA523BE-4990-45EF-8A49-A335A1C30E9A}.Release|Any CPU.ActiveCfg = Release|Any CPU
		{0EA523BE-4990-45EF-8A49-A335A1C30E9A}.Release|Any CPU.Build.0 = Release|Any CPU
		{945C3B89-FBBF-4369-92EF-C3231410EBAD}.Debug|Any CPU.ActiveCfg = Debug|Any CPU
		{945C3B89-FBBF-4369-92EF-C3231410EBAD}.Debug|Any CPU.Build.0 = Debug|Any CPU
		{945C3B89-FBBF-4369-92EF-C3231410EBAD}.Release|Any CPU.ActiveCfg = Release|Any CPU
		{945C3B89-FBBF-4369-92EF-C3231410EBAD}.Release|Any CPU.Build.0 = Release|Any CPU
		{D75E7D12-17DF-4125-9873-5E4F00AE9F02}.Debug|Any CPU.ActiveCfg = Debug|Any CPU
		{D75E7D12-17DF-4125-9873-5E4F00AE9F02}.Debug|Any CPU.Build.0 = Debug|Any CPU
		{D75E7D12-17DF-4125-9873-5E4F00AE9F02}.Release|Any CPU.ActiveCfg = Release|Any CPU
		{D75E7D12-17DF-4125-9873-5E4F00AE9F02}.Release|Any CPU.Build.0 = Release|Any CPU
		{FE407DC0-EFC2-44B9-8F60-DA7D30EDD3CC}.Debug|Any CPU.ActiveCfg = Debug|Any CPU
		{FE407DC0-EFC2-44B9-8F60-DA7D30EDD3CC}.Debug|Any CPU.Build.0 = Debug|Any CPU
		{FE407DC0-EFC2-44B9-8F60-DA7D30EDD3CC}.Release|Any CPU.ActiveCfg = Release|Any CPU
		{FE407DC0-EFC2-44B9-8F60-DA7D30EDD3CC}.Release|Any CPU.Build.0 = Release|Any CPU
		{8F49F659-ADF9-424F-A8DA-5D49C43FA631}.Debug|Any CPU.ActiveCfg = Debug|Any CPU
		{8F49F659-ADF9-424F-A8DA-5D49C43FA631}.Debug|Any CPU.Build.0 = Debug|Any CPU
		{8F49F659-ADF9-424F-A8DA-5D49C43FA631}.Release|Any CPU.ActiveCfg = Release|Any CPU
		{8F49F659-ADF9-424F-A8DA-5D49C43FA631}.Release|Any CPU.Build.0 = Release|Any CPU
		{C0F7B075-D9BC-4083-AA96-8B7DFA8602A4}.Debug|Any CPU.ActiveCfg = Debug|Any CPU
		{C0F7B075-D9BC-4083-AA96-8B7DFA8602A4}.Debug|Any CPU.Build.0 = Debug|Any CPU
		{C0F7B075-D9BC-4083-AA96-8B7DFA8602A4}.Release|Any CPU.ActiveCfg = Release|Any CPU
		{C0F7B075-D9BC-4083-AA96-8B7DFA8602A4}.Release|Any CPU.Build.0 = Release|Any CPU
		{F5F19EAB-C643-4EAD-A734-6853D31015A5}.Debug|Any CPU.ActiveCfg = Debug|Any CPU
		{F5F19EAB-C643-4EAD-A734-6853D31015A5}.Debug|Any CPU.Build.0 = Debug|Any CPU
		{F5F19EAB-C643-4EAD-A734-6853D31015A5}.Release|Any CPU.ActiveCfg = Release|Any CPU
		{F5F19EAB-C643-4EAD-A734-6853D31015A5}.Release|Any CPU.Build.0 = Release|Any CPU
		{D2F82FC7-DA66-4673-A2DA-D159C1818D0B}.Debug|Any CPU.ActiveCfg = Debug|Any CPU
		{D2F82FC7-DA66-4673-A2DA-D159C1818D0B}.Debug|Any CPU.Build.0 = Debug|Any CPU
		{D2F82FC7-DA66-4673-A2DA-D159C1818D0B}.Release|Any CPU.ActiveCfg = Release|Any CPU
		{D2F82FC7-DA66-4673-A2DA-D159C1818D0B}.Release|Any CPU.Build.0 = Release|Any CPU
		{DA288C69-B64B-4F14-A3B1-79BE859585CF}.Debug|Any CPU.ActiveCfg = Debug|Any CPU
		{DA288C69-B64B-4F14-A3B1-79BE859585CF}.Debug|Any CPU.Build.0 = Debug|Any CPU
		{DA288C69-B64B-4F14-A3B1-79BE859585CF}.Release|Any CPU.ActiveCfg = Release|Any CPU
		{DA288C69-B64B-4F14-A3B1-79BE859585CF}.Release|Any CPU.Build.0 = Release|Any CPU
		{21D92F20-70CC-4B46-9664-AAD0D45A88EB}.Debug|Any CPU.ActiveCfg = Debug|Any CPU
		{21D92F20-70CC-4B46-9664-AAD0D45A88EB}.Debug|Any CPU.Build.0 = Debug|Any CPU
		{21D92F20-70CC-4B46-9664-AAD0D45A88EB}.Release|Any CPU.ActiveCfg = Release|Any CPU
		{21D92F20-70CC-4B46-9664-AAD0D45A88EB}.Release|Any CPU.Build.0 = Release|Any CPU
		{805E86BC-26DB-462F-BAAC-AFC5EC5A7349}.Debug|Any CPU.ActiveCfg = Debug|Any CPU
		{805E86BC-26DB-462F-BAAC-AFC5EC5A7349}.Debug|Any CPU.Build.0 = Debug|Any CPU
		{805E86BC-26DB-462F-BAAC-AFC5EC5A7349}.Release|Any CPU.ActiveCfg = Release|Any CPU
		{805E86BC-26DB-462F-BAAC-AFC5EC5A7349}.Release|Any CPU.Build.0 = Release|Any CPU
		{4B25419C-3FC9-4A05-960D-CA587AB8D2EF}.Debug|Any CPU.ActiveCfg = Debug|Any CPU
		{4B25419C-3FC9-4A05-960D-CA587AB8D2EF}.Debug|Any CPU.Build.0 = Debug|Any CPU
		{4B25419C-3FC9-4A05-960D-CA587AB8D2EF}.Release|Any CPU.ActiveCfg = Release|Any CPU
		{4B25419C-3FC9-4A05-960D-CA587AB8D2EF}.Release|Any CPU.Build.0 = Release|Any CPU
		{F7897294-5DC8-421A-80C0-86D3EB913FA1}.Debug|Any CPU.ActiveCfg = Debug|Any CPU
		{F7897294-5DC8-421A-80C0-86D3EB913FA1}.Debug|Any CPU.Build.0 = Debug|Any CPU
		{F7897294-5DC8-421A-80C0-86D3EB913FA1}.Release|Any CPU.ActiveCfg = Debug|Any CPU
		{F7897294-5DC8-421A-80C0-86D3EB913FA1}.Release|Any CPU.Build.0 = Debug|Any CPU
		{D6A66971-D4B4-4EE9-AB68-173802D20A24}.Debug|Any CPU.ActiveCfg = Debug|Any CPU
		{D6A66971-D4B4-4EE9-AB68-173802D20A24}.Debug|Any CPU.Build.0 = Debug|Any CPU
		{D6A66971-D4B4-4EE9-AB68-173802D20A24}.Release|Any CPU.ActiveCfg = Release|Any CPU
		{D6A66971-D4B4-4EE9-AB68-173802D20A24}.Release|Any CPU.Build.0 = Release|Any CPU
		{73ABBA7C-E478-40C5-9529-41E431ADE82F}.Debug|Any CPU.ActiveCfg = Debug|Any CPU
		{73ABBA7C-E478-40C5-9529-41E431ADE82F}.Debug|Any CPU.Build.0 = Debug|Any CPU
		{73ABBA7C-E478-40C5-9529-41E431ADE82F}.Release|Any CPU.ActiveCfg = Release|Any CPU
		{73ABBA7C-E478-40C5-9529-41E431ADE82F}.Release|Any CPU.Build.0 = Release|Any CPU
		{3AA12DD2-5222-481D-ADC1-B7ED7F06B832}.Debug|Any CPU.ActiveCfg = Debug|Any CPU
		{3AA12DD2-5222-481D-ADC1-B7ED7F06B832}.Debug|Any CPU.Build.0 = Debug|Any CPU
		{3AA12DD2-5222-481D-ADC1-B7ED7F06B832}.Release|Any CPU.ActiveCfg = Release|Any CPU
		{3AA12DD2-5222-481D-ADC1-B7ED7F06B832}.Release|Any CPU.Build.0 = Release|Any CPU
		{9258AC7D-2AE4-422B-9CBB-3801839C81FB}.Debug|Any CPU.ActiveCfg = Debug|Any CPU
		{9258AC7D-2AE4-422B-9CBB-3801839C81FB}.Debug|Any CPU.Build.0 = Debug|Any CPU
		{9258AC7D-2AE4-422B-9CBB-3801839C81FB}.Release|Any CPU.ActiveCfg = Release|Any CPU
		{9258AC7D-2AE4-422B-9CBB-3801839C81FB}.Release|Any CPU.Build.0 = Release|Any CPU
		{47E0D9D5-BB49-420C-A2AA-EB0B36C25F24}.Debug|Any CPU.ActiveCfg = Debug|Any CPU
		{47E0D9D5-BB49-420C-A2AA-EB0B36C25F24}.Debug|Any CPU.Build.0 = Debug|Any CPU
		{47E0D9D5-BB49-420C-A2AA-EB0B36C25F24}.Release|Any CPU.ActiveCfg = Release|Any CPU
		{47E0D9D5-BB49-420C-A2AA-EB0B36C25F24}.Release|Any CPU.Build.0 = Release|Any CPU
		{4B38359B-42C5-4ADD-AA2B-BFF873B929DF}.Debug|Any CPU.ActiveCfg = Debug|Any CPU
		{4B38359B-42C5-4ADD-AA2B-BFF873B929DF}.Debug|Any CPU.Build.0 = Debug|Any CPU
		{4B38359B-42C5-4ADD-AA2B-BFF873B929DF}.Release|Any CPU.ActiveCfg = Release|Any CPU
		{4B38359B-42C5-4ADD-AA2B-BFF873B929DF}.Release|Any CPU.Build.0 = Release|Any CPU
		{F9ADDEA2-512F-49BE-8A7A-3435D95FD270}.Debug|Any CPU.ActiveCfg = Debug|Any CPU
		{F9ADDEA2-512F-49BE-8A7A-3435D95FD270}.Debug|Any CPU.Build.0 = Debug|Any CPU
		{F9ADDEA2-512F-49BE-8A7A-3435D95FD270}.Release|Any CPU.ActiveCfg = Release|Any CPU
		{F9ADDEA2-512F-49BE-8A7A-3435D95FD270}.Release|Any CPU.Build.0 = Release|Any CPU
		{B6A10A0E-9505-4584-98CE-1B8697C88B8E}.Debug|Any CPU.ActiveCfg = Debug|Any CPU
		{B6A10A0E-9505-4584-98CE-1B8697C88B8E}.Debug|Any CPU.Build.0 = Debug|Any CPU
		{B6A10A0E-9505-4584-98CE-1B8697C88B8E}.Release|Any CPU.ActiveCfg = Release|Any CPU
		{B6A10A0E-9505-4584-98CE-1B8697C88B8E}.Release|Any CPU.Build.0 = Release|Any CPU
		{12D0CB83-21AF-4B2A-B1F6-E1C0A0BB37C0}.Debug|Any CPU.ActiveCfg = Debug|Any CPU
		{12D0CB83-21AF-4B2A-B1F6-E1C0A0BB37C0}.Debug|Any CPU.Build.0 = Debug|Any CPU
		{12D0CB83-21AF-4B2A-B1F6-E1C0A0BB37C0}.Release|Any CPU.ActiveCfg = Release|Any CPU
		{12D0CB83-21AF-4B2A-B1F6-E1C0A0BB37C0}.Release|Any CPU.Build.0 = Release|Any CPU
		{F1C2A381-C06A-4237-87FB-E8B3B0F9AE31}.Debug|Any CPU.ActiveCfg = Debug|Any CPU
		{F1C2A381-C06A-4237-87FB-E8B3B0F9AE31}.Debug|Any CPU.Build.0 = Debug|Any CPU
		{F1C2A381-C06A-4237-87FB-E8B3B0F9AE31}.Release|Any CPU.ActiveCfg = Release|Any CPU
		{F1C2A381-C06A-4237-87FB-E8B3B0F9AE31}.Release|Any CPU.Build.0 = Release|Any CPU
		{C9B1D164-BD3A-4E7B-AE81-3DEBDECC6588}.Debug|Any CPU.ActiveCfg = Debug|Any CPU
		{C9B1D164-BD3A-4E7B-AE81-3DEBDECC6588}.Debug|Any CPU.Build.0 = Debug|Any CPU
		{C9B1D164-BD3A-4E7B-AE81-3DEBDECC6588}.Release|Any CPU.ActiveCfg = Release|Any CPU
		{C9B1D164-BD3A-4E7B-AE81-3DEBDECC6588}.Release|Any CPU.Build.0 = Release|Any CPU
		{4FC1AE2F-5458-436C-9B64-28A62D8B9E22}.Debug|Any CPU.ActiveCfg = Debug|Any CPU
		{4FC1AE2F-5458-436C-9B64-28A62D8B9E22}.Debug|Any CPU.Build.0 = Debug|Any CPU
		{4FC1AE2F-5458-436C-9B64-28A62D8B9E22}.Release|Any CPU.ActiveCfg = Release|Any CPU
		{4FC1AE2F-5458-436C-9B64-28A62D8B9E22}.Release|Any CPU.Build.0 = Release|Any CPU
		{E5F9E756-7F05-4695-AC12-F274508D745F}.Debug|Any CPU.ActiveCfg = Debug|Any CPU
		{E5F9E756-7F05-4695-AC12-F274508D745F}.Debug|Any CPU.Build.0 = Debug|Any CPU
		{E5F9E756-7F05-4695-AC12-F274508D745F}.Release|Any CPU.ActiveCfg = Release|Any CPU
		{E5F9E756-7F05-4695-AC12-F274508D745F}.Release|Any CPU.Build.0 = Release|Any CPU
		{DB9C3B3B-44E6-404F-A8DF-4A0C38A4F1A6}.Debug|Any CPU.ActiveCfg = Debug|Any CPU
		{DB9C3B3B-44E6-404F-A8DF-4A0C38A4F1A6}.Debug|Any CPU.Build.0 = Debug|Any CPU
		{DB9C3B3B-44E6-404F-A8DF-4A0C38A4F1A6}.Release|Any CPU.ActiveCfg = Release|Any CPU
		{DB9C3B3B-44E6-404F-A8DF-4A0C38A4F1A6}.Release|Any CPU.Build.0 = Release|Any CPU
	EndGlobalSection
	GlobalSection(SolutionProperties) = preSolution
		HideSolutionNode = FALSE
	EndGlobalSection
EndGlobal
